
Microsoft Visual Studio Solution File, Format Version 12.00
# Visual Studio Version 17
VisualStudioVersion = 17.7.34221.43
MinimumVisualStudioVersion = 10.0.40219.1
Project("{FAE04EC0-301F-11D3-BF4B-00C04F79EFBC}") = "VisibleConverterEx", "VisibleConverterEx.csproj", "{753870DC-42D5-4AF9-893A-63FF28476753}"
EndProject
Global
	GlobalSection(SolutionConfigurationPlatforms) = preSolution
		Debug|Any CPU = Debug|Any CPU
		Release|Any CPU = Release|Any CPU
	EndGlobalSection
	GlobalSection(ProjectConfigurationPlatforms) = postSolution
		{753870DC-42D5-4AF9-893A-63FF28476753}.Debug|Any CPU.ActiveCfg = Debug|Any CPU
		{753870DC-42D5-4AF9-893A-63FF28476753}.Debug|Any CPU.Build.0 = Debug|Any CPU
		{753870DC-42D5-4AF9-893A-63FF28476753}.Release|Any CPU.ActiveCfg = Release|Any CPU
		{753870DC-42D5-4AF9-893A-63FF28476753}.Release|Any CPU.Build.0 = Release|Any CPU
	EndGlobalSection
	GlobalSection(SolutionProperties) = preSolution
		HideSolutionNode = FALSE
	EndGlobalSection
	GlobalSection(ExtensibilityGlobals) = postSolution
		SolutionGuid = {F80578F1-62BD-417F-9176-4FD8A81C48C1}
	EndGlobalSection
EndGlobal
